
Microsoft Visual Studio Solution File, Format Version 12.00
# Visual Studio Version 17
VisualStudioVersion = 17.0.31903.59
MinimumVisualStudioVersion = 10.0.40219.1
Project("{F2A71F9B-5D33-465A-A702-920D77279786}") = "Fylang", "Fylang\Fylang.fsproj", "{DF8667DA-8787-4CB7-9A29-2031A45D2D86}"
EndProject
Project("{F2A71F9B-5D33-465A-A702-920D77279786}") = "Fylang.Tests", "Fylang.Tests\Fylang.Tests.fsproj", "{458B5A36-9129-41FD-BF93-B970BECCF264}"
EndProject
Global
	GlobalSection(SolutionConfigurationPlatforms) = preSolution
		Debug|Any CPU = Debug|Any CPU
		Release|Any CPU = Release|Any CPU
	EndGlobalSection
	GlobalSection(SolutionProperties) = preSolution
		HideSolutionNode = FALSE
	EndGlobalSection
	GlobalSection(ProjectConfigurationPlatforms) = postSolution
		{DF8667DA-8787-4CB7-9A29-2031A45D2D86}.Debug|Any CPU.ActiveCfg = Debug|Any CPU
		{DF8667DA-8787-4CB7-9A29-2031A45D2D86}.Debug|Any CPU.Build.0 = Debug|Any CPU
		{DF8667DA-8787-4CB7-9A29-2031A45D2D86}.Release|Any CPU.ActiveCfg = Release|Any CPU
		{DF8667DA-8787-4CB7-9A29-2031A45D2D86}.Release|Any CPU.Build.0 = Release|Any CPU
		{458B5A36-9129-41FD-BF93-B970BECCF264}.Debug|Any CPU.ActiveCfg = Debug|Any CPU
		{458B5A36-9129-41FD-BF93-B970BECCF264}.Debug|Any CPU.Build.0 = Debug|Any CPU
		{458B5A36-9129-41FD-BF93-B970BECCF264}.Release|Any CPU.ActiveCfg = Release|Any CPU
		{458B5A36-9129-41FD-BF93-B970BECCF264}.Release|Any CPU.Build.0 = Release|Any CPU
	EndGlobalSection
EndGlobal
